# This file is automatically @generated by Cargo.
# It is not intended for manual editing.
version = 3

[[package]]
name = "glam"
version = "0.20.0"
source = "registry+https://github.com/rust-lang/crates.io-index"
checksum = "c2c626156a479bfb5a4362c43f5abadd700af33ebc8db068089d9cb92493d6ab"

[[package]]
name = "glam-pbr"
version = "0.1.0"
dependencies = [
 "glam",
]
